<?xml version="1.0" encoding="utf-8"?>
<Project ToolsVersion="4.0" xmlns="http://schemas.microsoft.com/developer/msbuild/2003">
  <ItemGroup>
    <Filter Include="Fichiers sources">
      <UniqueIdentifier>{4FC737F1-C7A5-4376-A066-2A32D752A2FF}</UniqueIdentifier>
      <Extensions>cpp;c;cc;cxx;def;odl;idl;hpj;bat;asm;asmx</Extensions>
    </Filter>
    <Filter Include="Fichiers d%27en-tête">
      <UniqueIdentifier>{93995380-89BD-4b04-88EB-625FBE52EBFB}</UniqueIdentifier>
      <Extensions>h;hh;hpp;hxx;hm;inl;inc;xsd</Extensions>
    </Filter>
    <Filter Include="Fichiers de ressources">
      <UniqueIdentifier>{67DA6AB6-F800-4c08-8B7A-83BB121AAD01}</UniqueIdentifier>
      <Extensions>rc;ico;cur;bmp;dlg;rc2;rct;bin;rgs;gif;jpg;jpeg;jpe;resx;tiff;tif;png;wav;mfcribbon-ms</Extensions>
    </Filter>
    <Filter Include="Fichiers d%27en-tête\interpret">
      <UniqueIdentifier>{9cdb3a5b-6d64-4409-a6ad-9ef1668a5a4e}</UniqueIdentifier>
    </Filter>
    <Filter Include="Fichiers d%27en-tête\fuzzy">
      <UniqueIdentifier>{954167d0-e497-420b-a9aa-6951e623d913}</UniqueIdentifier>
    </Filter>
  </ItemGroup>
  <ItemGroup>
    <ClInclude Include="stdafx.h">
      <Filter>Fichiers d%27en-tête</Filter>
    </ClInclude>
    <ClInclude Include="targetver.h">
      <Filter>Fichiers d%27en-tête</Filter>
    </ClInclude>
    <ClInclude Include="fuzzy\And.h">
      <Filter>Fichiers d%27en-tête\fuzzy</Filter>
    </ClInclude>
    <ClInclude Include="interpret\UnaryExpression.h">
      <Filter>Fichiers d%27en-tête\interpret</Filter>
    </ClInclude>
    <ClInclude Include="interpret\BinaryExpression.h">
      <Filter>Fichiers d%27en-tête\interpret</Filter>
    </ClInclude>
    <ClInclude Include="interpret\ValueModel.h">
      <Filter>Fichiers d%27en-tête\interpret</Filter>
    </ClInclude>
    <ClInclude Include="interpret\BinaryExpressionModel.h">
      <Filter>Fichiers d%27en-tête\interpret</Filter>
    </ClInclude>
    <ClInclude Include="interpret\UnaryExpressionModel.h">
      <Filter>Fichiers d%27en-tête\interpret</Filter>
    </ClInclude>
    <ClInclude Include="fuzzy\AndMin.h">
      <Filter>Fichiers d%27en-tête\fuzzy</Filter>
    </ClInclude>
    <ClInclude Include="fuzzy\AndMult.h">
      <Filter>Fichiers d%27en-tête\fuzzy</Filter>
    </ClInclude>
    <ClInclude Include="fuzzy\Then.h">
      <Filter>Fichiers d%27en-tête\fuzzy</Filter>
    </ClInclude>
    <ClInclude Include="fuzzy\ThenMin.h">
      <Filter>Fichiers d%27en-tête\fuzzy</Filter>
    </ClInclude>
    <ClInclude Include="fuzzy\ThenMult.h">
      <Filter>Fichiers d%27en-tête\fuzzy</Filter>
    </ClInclude>
    <ClInclude Include="interpret\Expression.h">
      <Filter>Fichiers d%27en-tête\interpret</Filter>
    </ClInclude>
    <ClInclude Include="fuzzy\Or.h">
      <Filter>Fichiers d%27en-tête\fuzzy</Filter>
    </ClInclude>
    <ClInclude Include="fuzzy\OrMax.h">
      <Filter>Fichiers d%27en-tête\fuzzy</Filter>
    </ClInclude>
    <ClInclude Include="fuzzy\OrPlus.h">
      <Filter>Fichiers d%27en-tête\fuzzy</Filter>
    </ClInclude>
    <ClInclude Include="fuzzy\Agg.h">
      <Filter>Fichiers d%27en-tête\fuzzy</Filter>
    </ClInclude>
    <ClInclude Include="fuzzy\AggMax.h">
      <Filter>Fichiers d%27en-tête\fuzzy</Filter>
    </ClInclude>
    <ClInclude Include="fuzzy\AggPlus.h">
      <Filter>Fichiers d%27en-tête\fuzzy</Filter>
    </ClInclude>
    <ClInclude Include="fuzzy\Not.h">
      <Filter>Fichiers d%27en-tête\fuzzy</Filter>
    </ClInclude>
    <ClInclude Include="fuzzy\NotMinus1.h">
      <Filter>Fichiers d%27en-tête\fuzzy</Filter>
    </ClInclude>
    <ClInclude Include="fuzzy\Is.h">
      <Filter>Fichiers d%27en-tête\fuzzy</Filter>
    </ClInclude>
    <ClInclude Include="fuzzy\IsTriangle.h">
      <Filter>Fichiers d%27en-tête\fuzzy</Filter>
    </ClInclude>
    <ClInclude Include="fuzzy\Evaluator.h">
      <Filter>Fichiers d%27en-tête\fuzzy</Filter>
    </ClInclude>
    <ClInclude Include="fuzzy\MamdaniDefuzz.h">
      <Filter>Fichiers d%27en-tête\fuzzy</Filter>
    </ClInclude>
    <ClInclude Include="fuzzy\CogDefuzz.h">
      <Filter>Fichiers d%27en-tête\fuzzy</Filter>
    </ClInclude>
    <ClInclude Include="IsTrapeze.h">
      <Filter>Fichiers d%27en-tête\fuzzy</Filter>
    </ClInclude>
    <ClInclude Include="IsTrapeze2.h">
      <Filter>Fichiers d%27en-tête\fuzzy</Filter>
    </ClInclude>
    <ClInclude Include="Trapeze3.h">
      <Filter>Fichiers d%27en-tête\fuzzy</Filter>
    </ClInclude>
    <ClInclude Include="interpret\ExpressionFactory.h">
      <Filter>Fichiers d%27en-tête\interpret</Filter>
    </ClInclude>
    <ClInclude Include="FuzzyFactory.h">
      <Filter>Fichiers d%27en-tête\interpret</Filter>
    </ClInclude>
    <ClInclude Include="interpret\BinaryShadowExpression.h">
      <Filter>Fichiers d%27en-tête\interpret</Filter>
    </ClInclude>
    <ClInclude Include="interpret\UnaryShadowExpression.h">
      <Filter>Fichiers d%27en-tête\interpret</Filter>
    </ClInclude>
  </ItemGroup>
  <ItemGroup>
    <ClCompile Include="stdafx.cpp">
      <Filter>Fichiers sources</Filter>
    </ClCompile>
    <ClCompile Include="projet_framework.cpp">
      <Filter>Fichiers sources</Filter>
    </ClCompile>
  </ItemGroup>
</Project>